<Project xmlns="http://schemas.microsoft.com/developer/msbuild/2003">
  <PropertyGroup>
    <ProjectGuid>{7340da9f-b593-4c06-bc79-474351659fe9}</ProjectGuid>
    <MainSource>CPUSpeed.dpr</MainSource>
    <Configuration Condition=" '$(Configuration)' == '' ">Release</Configuration>
    <Platform Condition=" '$(Platform)' == '' ">AnyCPU</Platform>
    <DCC_DCCCompiler>DCC32</DCC_DCCCompiler>
    <DCC_DependencyCheckOutputName>CPUSpeed.exe</DCC_DependencyCheckOutputName>
  </PropertyGroup>
  <PropertyGroup Condition=" '$(Configuration)|$(Platform)' == 'Release|AnyCPU' ">
    <Version>7.0</Version>
    <DCC_AssertionsAtRuntime>False</DCC_AssertionsAtRuntime>
    <DCC_IOChecking>False</DCC_IOChecking>
    <DCC_WriteableConstants>True</DCC_WriteableConstants>
    <DCC_SymbolReferenceInfo>2</DCC_SymbolReferenceInfo>
    <DCC_Define>RELEASE</DCC_Define>
    <DCC_UNSAFE_TYPE>True</DCC_UNSAFE_TYPE>
    <DCC_UNSAFE_CODE>True</DCC_UNSAFE_CODE>
    <DCC_UNSAFE_CAST>True</DCC_UNSAFE_CAST>
  </PropertyGroup>
  <PropertyGroup Condition=" '$(Configuration)|$(Platform)' == 'Debug|AnyCPU' ">
    <Version>7.0</Version>
    <DCC_AssertionsAtRuntime>False</DCC_AssertionsAtRuntime>
    <DCC_IOChecking>False</DCC_IOChecking>
    <DCC_WriteableConstants>True</DCC_WriteableConstants>
    <DCC_SymbolReferenceInfo>2</DCC_SymbolReferenceInfo>
    <DCC_Define>DEBUG</DCC_Define>
    <DCC_UNSAFE_TYPE>True</DCC_UNSAFE_TYPE>
    <DCC_UNSAFE_CODE>True</DCC_UNSAFE_CODE>
    <DCC_UNSAFE_CAST>True</DCC_UNSAFE_CAST>
  </PropertyGroup>
  <ProjectExtensions>
    <Borland.Personality>Delphi.Personality</Borland.Personality>
    <Borland.ProjectType />
    <BorlandProject>
<BorlandProject><Delphi.Personality><Parameters><Parameters Name="UseLauncher">False</Parameters><Parameters Name="LoadAllSymbols">True</Parameters><Parameters Name="LoadUnspecifiedSymbols">False</Parameters></Parameters><VersionInfo><VersionInfo Name="IncludeVerInfo">True</VersionInfo><VersionInfo Name="AutoIncBuild">False</VersionInfo><VersionInfo Name="MajorVer">0</VersionInfo><VersionInfo Name="MinorVer">9</VersionInfo><VersionInfo Name="Release">9</VersionInfo><VersionInfo Name="Build">0</VersionInfo><VersionInfo Name="Debug">True</VersionInfo><VersionInfo Name="PreRelease">True</VersionInfo><VersionInfo Name="Special">False</VersionInfo><VersionInfo Name="Private">False</VersionInfo><VersionInfo Name="DLL">False</VersionInfo><VersionInfo Name="Locale">1033</VersionInfo><VersionInfo Name="CodePage">1252</VersionInfo></VersionInfo><VersionInfoKeys><VersionInfoKeys Name="CompanyName">Van's Hardware Journal</VersionInfoKeys><VersionInfoKeys Name="FileDescription">Dynamically charts the CPU clock speed.</VersionInfoKeys><VersionInfoKeys Name="FileVersion">0.9.9.0</VersionInfoKeys><VersionInfoKeys Name="InternalName"></VersionInfoKeys><VersionInfoKeys Name="LegalCopyright">Copyright 2004, Van Smith</VersionInfoKeys><VersionInfoKeys Name="LegalTrademarks"></VersionInfoKeys><VersionInfoKeys Name="OriginalFilename"></VersionInfoKeys><VersionInfoKeys Name="ProductName">COSBI CPU Speed</VersionInfoKeys><VersionInfoKeys Name="ProductVersion">0.99</VersionInfoKeys><VersionInfoKeys Name="Comments">This program dynamically measures and charts a system's CPU clock speed.</VersionInfoKeys></VersionInfoKeys><Source><Source Name="MainSource">CPUSpeed.dpr</Source></Source></Delphi.Personality></BorlandProject></BorlandProject>
  </ProjectExtensions>
  <Import Project="$(MSBuildBinPath)\Borland.Delphi.Targets" />
  <ItemGroup>
    <DelphiCompile Include="CPUSpeed.dpr">
      <MainSource>MainSource</MainSource>
    </DelphiCompile>
    <DCCReference Include="..\COSBI\ActiveDs_TLB.pas" />
    <DCCReference Include="..\COSBI\CosbiCpuid.pas" />
    <DCCReference Include="..\COSBI\CosbiLogFile.pas" />
    <DCCReference Include="..\COSBI\COSBI_Common.pas" />
    <DCCReference Include="..\COSBI\COSBI_Status.pas">
      <Form>frmStatus</Form>
    </DCCReference>
    <DCCReference Include="..\COSBI\uCOSBI_SystemInfo.pas" />
    <DCCReference Include="..\COSBI\uStopWatch.pas" />
    <DCCReference Include="..\COSBI\WbemScripting_TLB.pas" />
    <DCCReference Include="..\msr\uMsr.pas" />
    <DCCReference Include="uCpuClockSpeed.pas" />
    <DCCReference Include="uCPUSpeed.pas">
      <Form>frmCPUSpeed</Form>
    </DCCReference>
    <DCCReference Include="uCpuSpeedChangeCpuRatio.pas">
      <Form>frmChangeCpuRatio</Form>
    </DCCReference>
    <DCCReference Include="uCpuSpeedLog.pas">
      <Form>frmCpuSpeedLog</Form>
    </DCCReference>
    <DCCReference Include="uCpuSpeedManual.pas">
      <Form>frmCpuSpeedManual</Form>
    </DCCReference>
    <DCCReference Include="uCpuSpeedMsr.pas">
      <Form>frmMSR</Form>
    </DCCReference>
    <DCCReference Include="uCpuSpeedSettings.pas">
      <Form>Form1</Form>
    </DCCReference>
  </ItemGroup>
</Project>