<?xml version="1.0" encoding="utf-8"?>
<Project xmlns="http://schemas.microsoft.com/developer/msbuild/2003">
  <PropertyGroup>
    <ProjectGuid>{4f84f7eb-869d-44cd-a92a-16d24dc57d94}</ProjectGuid>
    <MainSource>WhetBurn.dpr</MainSource>
    <Configuration Condition=" '$(Configuration)' == '' ">Release</Configuration>
    <Platform Condition=" '$(Platform)' == '' ">AnyCPU</Platform>
    <DCC_DCCCompiler>DCC32</DCC_DCCCompiler>
    <DCC_DependencyCheckOutputName>WhetBurn.exe</DCC_DependencyCheckOutputName>
  </PropertyGroup>
  <PropertyGroup Condition=" '$(Configuration)|$(Platform)' == 'Release|AnyCPU' ">
    <Version>7.0</Version>
    <DCC_DebugInformation>False</DCC_DebugInformation>
    <DCC_LocalDebugSymbols>False</DCC_LocalDebugSymbols>
    <DCC_SymbolReferenceInfo>0</DCC_SymbolReferenceInfo>
    <DCC_Define>RELEASE</DCC_Define>
  </PropertyGroup>
  <PropertyGroup Condition=" '$(Configuration)|$(Platform)' == 'Debug|AnyCPU' ">
    <Version>7.0</Version>
    <DCC_Define>DEBUG</DCC_Define>
    <DCC_UnitSearchPath>C:\Program Files\ComponentAce\ZipForge\Lib\Delphi 2007 and C++ Builder 2007;C:\data\delphi2007\COSBI;C:\data\delphi2007\msr</DCC_UnitSearchPath>
    <DCC_ResourcePath>C:\Program Files\ComponentAce\ZipForge\Lib\Delphi 2007 and C++ Builder 2007;C:\data\delphi2007\COSBI;C:\data\delphi2007\msr</DCC_ResourcePath>
    <DCC_ObjPath>C:\Program Files\ComponentAce\ZipForge\Lib\Delphi 2007 and C++ Builder 2007;C:\data\delphi2007\COSBI;C:\data\delphi2007\msr</DCC_ObjPath>
    <DCC_IncludePath>C:\Program Files\ComponentAce\ZipForge\Lib\Delphi 2007 and C++ Builder 2007;C:\data\delphi2007\COSBI;C:\data\delphi2007\msr</DCC_IncludePath>
  </PropertyGroup>
  <ProjectExtensions>
    <Borland.Personality>Delphi.Personality</Borland.Personality>
    <Borland.ProjectType>VCLApplication</Borland.ProjectType>
    <BorlandProject>
<BorlandProject><Delphi.Personality><Parameters><Parameters Name="UseLauncher">False</Parameters><Parameters Name="LoadAllSymbols">True</Parameters><Parameters Name="LoadUnspecifiedSymbols">False</Parameters></Parameters><VersionInfo><VersionInfo Name="IncludeVerInfo">False</VersionInfo><VersionInfo Name="AutoIncBuild">False</VersionInfo><VersionInfo Name="MajorVer">1</VersionInfo><VersionInfo Name="MinorVer">0</VersionInfo><VersionInfo Name="Release">0</VersionInfo><VersionInfo Name="Build">0</VersionInfo><VersionInfo Name="Debug">False</VersionInfo><VersionInfo Name="PreRelease">False</VersionInfo><VersionInfo Name="Special">False</VersionInfo><VersionInfo Name="Private">False</VersionInfo><VersionInfo Name="DLL">False</VersionInfo><VersionInfo Name="Locale">1033</VersionInfo><VersionInfo Name="CodePage">1252</VersionInfo></VersionInfo><VersionInfoKeys><VersionInfoKeys Name="CompanyName"></VersionInfoKeys><VersionInfoKeys Name="FileDescription"></VersionInfoKeys><VersionInfoKeys Name="FileVersion">1.0.0.0</VersionInfoKeys><VersionInfoKeys Name="InternalName"></VersionInfoKeys><VersionInfoKeys Name="LegalCopyright"></VersionInfoKeys><VersionInfoKeys Name="LegalTrademarks"></VersionInfoKeys><VersionInfoKeys Name="OriginalFilename"></VersionInfoKeys><VersionInfoKeys Name="ProductName"></VersionInfoKeys><VersionInfoKeys Name="ProductVersion">1.0.0.0</VersionInfoKeys><VersionInfoKeys Name="Comments"></VersionInfoKeys></VersionInfoKeys><Source><Source Name="MainSource">WhetBurn.dpr</Source></Source></Delphi.Personality></BorlandProject></BorlandProject>
  </ProjectExtensions>
  <Import Project="$(MSBuildBinPath)\Borland.Delphi.Targets" />
  <ItemGroup>
    <DelphiCompile Include="WhetBurn.dpr">
      <MainSource>MainSource</MainSource>
    </DelphiCompile>
    <DCCReference Include="..\COSBI\CosbiCpuid.pas" />
    <DCCReference Include="..\COSBI\COSBI_Common.pas" />
    <DCCReference Include="..\COSBI\COSBI_Status.pas">
      <Form>frmStatus</Form>
    </DCCReference>
    <DCCReference Include="..\COSBI\uCOSBI_TGraphicsTest.pas" />
    <DCCReference Include="..\COSBI\uCOSBI_TTest.pas" />
    <DCCReference Include="..\COSBI\uStopWatch.pas" />
    <DCCReference Include="..\DhryWhet\Whetstone.pas" />
    <DCCReference Include="..\Maze\Maze.pas" />
    <DCCReference Include="..\msr\uMsr.pas" />
    <DCCReference Include="..\OSMark\uOutput.pas">
      <Form>frmOutput</Form>
    </DCCReference>
    <DCCReference Include="..\OSMark\uTests.pas" />
    <DCCReference Include="ufrmWhetBurn.pas">
      <Form>frmWhetBurn</Form>
    </DCCReference>
  </ItemGroup>
</Project>